
Microsoft Visual Studio Solution File, Format Version 12.00
# Visual Studio 2013
VisualStudioVersion = 12.0.30501.0
MinimumVisualStudioVersion = 10.0.40219.1
Project("{FAE04EC0-301F-11D3-BF4B-00C04F79EFBC}") = "Persons", "Persons\Persons.csproj", "{B10FF133-1FFC-4502-A551-0CB31CDDD5A5}"
EndProject
Project("{FAE04EC0-301F-11D3-BF4B-00C04F79EFBC}") = "LaptopShop", "LaptopShop\LaptopShop.csproj", "{FE6A8C42-B0A1-4B44-8F5F-5CDA982DA6CB}"
EndProject
Global
	GlobalSection(SolutionConfigurationPlatforms) = preSolution
		Debug|Any CPU = Debug|Any CPU
		Release|Any CPU = Release|Any CPU
	EndGlobalSection
	GlobalSection(ProjectConfigurationPlatforms) = postSolution
		{B10FF133-1FFC-4502-A551-0CB31CDDD5A5}.Debug|Any CPU.ActiveCfg = Debug|Any CPU
		{B10FF133-1FFC-4502-A551-0CB31CDDD5A5}.Debug|Any CPU.Build.0 = Debug|Any CPU
		{B10FF133-1FFC-4502-A551-0CB31CDDD5A5}.Release|Any CPU.ActiveCfg = Release|Any CPU
		{B10FF133-1FFC-4502-A551-0CB31CDDD5A5}.Release|Any CPU.Build.0 = Release|Any CPU
		{FE6A8C42-B0A1-4B44-8F5F-5CDA982DA6CB}.Debug|Any CPU.ActiveCfg = Debug|Any CPU
		{FE6A8C42-B0A1-4B44-8F5F-5CDA982DA6CB}.Debug|Any CPU.Build.0 = Debug|Any CPU
		{FE6A8C42-B0A1-4B44-8F5F-5CDA982DA6CB}.Release|Any CPU.ActiveCfg = Release|Any CPU
		{FE6A8C42-B0A1-4B44-8F5F-5CDA982DA6CB}.Release|Any CPU.Build.0 = Release|Any CPU
	EndGlobalSection
	GlobalSection(SolutionProperties) = preSolution
		HideSolutionNode = FALSE
	EndGlobalSection
EndGlobal
